
Microsoft Visual Studio Solution File, Format Version 12.00
# Visual Studio Version 16
VisualStudioVersion = 16.0.30517.126
MinimumVisualStudioVersion = 10.0.40219.1
Project("{9A19103F-16F7-4668-BE54-9A1E7A4F7556}") = "FacturacionElectronica.UI", "FacturacionElectronica.UI\FacturacionElectronica.UI.csproj", "{ABDFF774-492B-4D9C-91A0-F0E9F8E24B19}"
EndProject
Project("{9A19103F-16F7-4668-BE54-9A1E7A4F7556}") = "FacturacionElectronica.Modelos", "FacturacionElectronica.Modelos\FacturacionElectronica.Modelos.csproj", "{E7F77C9E-986B-4786-BD55-3BC20CD87ED8}"
EndProject
Project("{9A19103F-16F7-4668-BE54-9A1E7A4F7556}") = "FacturacionElectronica.BL", "FacturacionElectronica.BL\FacturacionElectronica.BL.csproj", "{AA87231C-09F5-4447-BA4D-41314FB52208}"
EndProject
Project("{9A19103F-16F7-4668-BE54-9A1E7A4F7556}") = "FacturacionElectronica.DA", "FacturacionElectronica.DA\FacturacionElectronica.DA.csproj", "{F10DF54C-B674-41A3-9904-D2FB994C294E}"
EndProject
Project("{FAE04EC0-301F-11D3-BF4B-00C04F79EFBC}") = "FacturacionElectronica.SI", "FacturacionElectronica.SI\FacturacionElectronica.SI.csproj", "{CB9403B4-A203-4EBB-9AC9-D1880C48DAB7}"
EndProject
Global
	GlobalSection(SolutionConfigurationPlatforms) = preSolution
		Debug|Any CPU = Debug|Any CPU
		Release|Any CPU = Release|Any CPU
	EndGlobalSection
	GlobalSection(ProjectConfigurationPlatforms) = postSolution
		{ABDFF774-492B-4D9C-91A0-F0E9F8E24B19}.Debug|Any CPU.ActiveCfg = Debug|Any CPU
		{ABDFF774-492B-4D9C-91A0-F0E9F8E24B19}.Debug|Any CPU.Build.0 = Debug|Any CPU
		{ABDFF774-492B-4D9C-91A0-F0E9F8E24B19}.Release|Any CPU.ActiveCfg = Release|Any CPU
		{ABDFF774-492B-4D9C-91A0-F0E9F8E24B19}.Release|Any CPU.Build.0 = Release|Any CPU
		{E7F77C9E-986B-4786-BD55-3BC20CD87ED8}.Debug|Any CPU.ActiveCfg = Debug|Any CPU
		{E7F77C9E-986B-4786-BD55-3BC20CD87ED8}.Debug|Any CPU.Build.0 = Debug|Any CPU
		{E7F77C9E-986B-4786-BD55-3BC20CD87ED8}.Release|Any CPU.ActiveCfg = Release|Any CPU
		{E7F77C9E-986B-4786-BD55-3BC20CD87ED8}.Release|Any CPU.Build.0 = Release|Any CPU
		{AA87231C-09F5-4447-BA4D-41314FB52208}.Debug|Any CPU.ActiveCfg = Debug|Any CPU
		{AA87231C-09F5-4447-BA4D-41314FB52208}.Debug|Any CPU.Build.0 = Debug|Any CPU
		{AA87231C-09F5-4447-BA4D-41314FB52208}.Release|Any CPU.ActiveCfg = Release|Any CPU
		{AA87231C-09F5-4447-BA4D-41314FB52208}.Release|Any CPU.Build.0 = Release|Any CPU
		{F10DF54C-B674-41A3-9904-D2FB994C294E}.Debug|Any CPU.ActiveCfg = Debug|Any CPU
		{F10DF54C-B674-41A3-9904-D2FB994C294E}.Debug|Any CPU.Build.0 = Debug|Any CPU
		{F10DF54C-B674-41A3-9904-D2FB994C294E}.Release|Any CPU.ActiveCfg = Release|Any CPU
		{F10DF54C-B674-41A3-9904-D2FB994C294E}.Release|Any CPU.Build.0 = Release|Any CPU
		{CB9403B4-A203-4EBB-9AC9-D1880C48DAB7}.Debug|Any CPU.ActiveCfg = Debug|Any CPU
		{CB9403B4-A203-4EBB-9AC9-D1880C48DAB7}.Debug|Any CPU.Build.0 = Debug|Any CPU
		{CB9403B4-A203-4EBB-9AC9-D1880C48DAB7}.Release|Any CPU.ActiveCfg = Release|Any CPU
		{CB9403B4-A203-4EBB-9AC9-D1880C48DAB7}.Release|Any CPU.Build.0 = Release|Any CPU
	EndGlobalSection
	GlobalSection(SolutionProperties) = preSolution
		HideSolutionNode = FALSE
	EndGlobalSection
	GlobalSection(ExtensibilityGlobals) = postSolution
		SolutionGuid = {65C65A77-EF0A-4255-B343-EBC786F1C728}
	EndGlobalSection
EndGlobal
